
Microsoft Visual Studio Solution File, Format Version 12.00
# Visual Studio 15
VisualStudioVersion = 15.0.28307.136
MinimumVisualStudioVersion = 10.0.40219.1
Project("{2150E333-8FDC-42A3-9474-1A3956D46DE8}") = "Solution Items", "Solution Items", "{F3F74263-BF9C-473F-B2C8-7A65BE933A15}"
	ProjectSection(SolutionItems) = preProject
		.gitignore = .gitignore
		LICENSE = LICENSE
		Project.Test.ruleset = Project.Test.ruleset
		README.md = README.md
		stylecop.json = stylecop.json
	EndProjectSection
EndProject
Project("{9A19103F-16F7-4668-BE54-9A1E7A4F7556}") = "Graphiti", "src\Graphiti\Graphiti.csproj", "{5D56F901-50C1-440E-AC3C-3102AF97A4FD}"
EndProject
Project("{9A19103F-16F7-4668-BE54-9A1E7A4F7556}") = "Graphiti.Test", "test\Graphiti.Test\Graphiti.Test.csproj", "{7E807034-ABE1-4D69-850F-61B93B9F56D0}"
EndProject
Global
	GlobalSection(SolutionConfigurationPlatforms) = preSolution
		Debug|Any CPU = Debug|Any CPU
		Release|Any CPU = Release|Any CPU
	EndGlobalSection
	GlobalSection(ProjectConfigurationPlatforms) = postSolution
		{5D56F901-50C1-440E-AC3C-3102AF97A4FD}.Debug|Any CPU.ActiveCfg = Debug|Any CPU
		{5D56F901-50C1-440E-AC3C-3102AF97A4FD}.Debug|Any CPU.Build.0 = Debug|Any CPU
		{5D56F901-50C1-440E-AC3C-3102AF97A4FD}.Release|Any CPU.ActiveCfg = Release|Any CPU
		{5D56F901-50C1-440E-AC3C-3102AF97A4FD}.Release|Any CPU.Build.0 = Release|Any CPU
		{7E807034-ABE1-4D69-850F-61B93B9F56D0}.Debug|Any CPU.ActiveCfg = Debug|Any CPU
		{7E807034-ABE1-4D69-850F-61B93B9F56D0}.Debug|Any CPU.Build.0 = Debug|Any CPU
		{7E807034-ABE1-4D69-850F-61B93B9F56D0}.Release|Any CPU.ActiveCfg = Release|Any CPU
		{7E807034-ABE1-4D69-850F-61B93B9F56D0}.Release|Any CPU.Build.0 = Release|Any CPU
	EndGlobalSection
	GlobalSection(SolutionProperties) = preSolution
		HideSolutionNode = FALSE
	EndGlobalSection
	GlobalSection(ExtensibilityGlobals) = postSolution
		SolutionGuid = {B63BD737-E616-49FB-9192-67E63A202209}
	EndGlobalSection
EndGlobal
